// !$*UTF8*$!
{
	archiveVersion = 1;
	classes = {
	};
	objectVersion = 77;
	objects = {

/* Begin PBXBuildFile section */
		AE0532F32D7865C70031FBA1 /* Project-3modul-Info.plist in Resources */ = {isa = PBXBuildFile; fileRef = AE0532F22D7865C70031FBA1 /* Project-3modul-Info.plist */; };
		AE5C93DF2DDC9BC300DDCEC0 /* Assets.xcassets in Resources */ = {isa = PBXBuildFile; fileRef = AE5C93C22DDC9BC300DDCEC0 /* Assets.xcassets */; };
		AE5C93F32DDC9BC300DDCEC0 /* AboutAppView.swift in Sources */ = {isa = PBXBuildFile; fileRef = AE5C93C02DDC9BC300DDCEC0 /* AboutAppView.swift */; };
		AE5C93F42DDC9BC300DDCEC0 /* AddTimelineView.swift in Sources */ = {isa = PBXBuildFile; fileRef = AE5C93C12DDC9BC300DDCEC0 /* AddTimelineView.swift */; };
		AE5C93F52DDC9BC300DDCEC0 /* AuthorModel.swift in Sources */ = {isa = PBXBuildFile; fileRef = AE5C93C32DDC9BC300DDCEC0 /* AuthorModel.swift */; };
		AE5C93F62DDC9BC300DDCEC0 /* AuthorView.swift in Sources */ = {isa = PBXBuildFile; fileRef = AE5C93C42DDC9BC300DDCEC0 /* AuthorView.swift */; };
		AE5C93F72DDC9BC300DDCEC0 /* BottomTextView.swift in Sources */ = {isa = PBXBuildFile; fileRef = AE5C93C52DDC9BC300DDCEC0 /* BottomTextView.swift */; };
		AE5C93F82DDC9BC300DDCEC0 /* ContentView.swift in Sources */ = {isa = PBXBuildFile; fileRef = AE5C93C62DDC9BC300DDCEC0 /* ContentView.swift */; };
		AE5C93F92DDC9BC300DDCEC0 /* PostModel.swift in Sources */ = {isa = PBXBuildFile; fileRef = AE5C93C72DDC9BC300DDCEC0 /* PostModel.swift */; };
		AE5C93FA2DDC9BC300DDCEC0 /* PostView.swift in Sources */ = {isa = PBXBuildFile; fileRef = AE5C93C82DDC9BC300DDCEC0 /* PostView.swift */; };
		AE5C93FB2DDC9BC300DDCEC0 /* Project_3modulApp.swift in Sources */ = {isa = PBXBuildFile; fileRef = AE5C93C92DDC9BC300DDCEC0 /* Project_3modulApp.swift */; };
		AE5C93FC2DDC9BC300DDCEC0 /* TakeEmailView.swift in Sources */ = {isa = PBXBuildFile; fileRef = AE5C93CA2DDC9BC300DDCEC0 /* TakeEmailView.swift */; };
		AE5C93FD2DDC9BC300DDCEC0 /* Color+.swift in Sources */ = {isa = PBXBuildFile; fileRef = AE5C93CB2DDC9BC300DDCEC0 /* Color+.swift */; };
		AE5C93FE2DDC9BC300DDCEC0 /* DonutViewModel.swift in Sources */ = {isa = PBXBuildFile; fileRef = AE5C93CC2DDC9BC300DDCEC0 /* DonutViewModel.swift */; };
		AE5C93FF2DDC9BC300DDCEC0 /* DonutModel.swift in Sources */ = {isa = PBXBuildFile; fileRef = AE5C93CD2DDC9BC300DDCEC0 /* DonutModel.swift */; };
		AE5C943D2DDE218A00DDCEC0 /* PeriodModel.swift in Sources */ = {isa = PBXBuildFile; fileRef = AE5C943C2DDE218A00DDCEC0 /* PeriodModel.swift */; };
		AE5C94932DDE234500DDCEC0 /* DonutEndpoint.swift in Sources */ = {isa = PBXBuildFile; fileRef = AE5C94922DDE233500DDCEC0 /* DonutEndpoint.swift */; };
		AE5C94952DDE241900DDCEC0 /* DonutView.swift in Sources */ = {isa = PBXBuildFile; fileRef = AE5C94942DDE241900DDCEC0 /* DonutView.swift */; };
		AE5C949B2DDE2B7B00DDCEC0 /* MainViewModel.swift in Sources */ = {isa = PBXBuildFile; fileRef = AE5C949A2DDE2B6900DDCEC0 /* MainViewModel.swift */; };
		AE5C949D2DDE3AC800DDCEC0 /* SearchView.swift in Sources */ = {isa = PBXBuildFile; fileRef = AE5C949C2DDE3AC800DDCEC0 /* SearchView.swift */; };
		AE5C94A02DDE437500DDCEC0 /* SearchViewModel.swift in Sources */ = {isa = PBXBuildFile; fileRef = AE5C949F2DDE437500DDCEC0 /* SearchViewModel.swift */; };
		AE817E2C2E0C5CC60045220D /* UserInfoView.swift in Sources */ = {isa = PBXBuildFile; fileRef = AE817E2B2E0C5CC60045220D /* UserInfoView.swift */; };
		AE817E2F2E0C5D260045220D /* UserInfoViewModel.swift in Sources */ = {isa = PBXBuildFile; fileRef = AE817E2E2E0C5D260045220D /* UserInfoViewModel.swift */; };
		AE817E312E0C63CB0045220D /* LikeEndpoint.swift in Sources */ = {isa = PBXBuildFile; fileRef = AE817E302E0C63CB0045220D /* LikeEndpoint.swift */; };
		AE817E332E0C6ECD0045220D /* TakeEmailViewModel.swift in Sources */ = {isa = PBXBuildFile; fileRef = AE817E322E0C6ECD0045220D /* TakeEmailViewModel.swift */; };
		AE817E352E0C70380045220D /* EmailEndpoint.swift in Sources */ = {isa = PBXBuildFile; fileRef = AE817E342E0C70380045220D /* EmailEndpoint.swift */; };
/* End PBXBuildFile section */

/* Begin PBXFileReference section */
		AE0532F22D7865C70031FBA1 /* Project-3modul-Info.plist */ = {isa = PBXFileReference; lastKnownFileType = text.plist.xml; path = "Project-3modul-Info.plist"; sourceTree = "<group>"; };
		AE5C93C02DDC9BC300DDCEC0 /* AboutAppView.swift */ = {isa = PBXFileReference; lastKnownFileType = sourcecode.swift; path = AboutAppView.swift; sourceTree = "<group>"; };
		AE5C93C12DDC9BC300DDCEC0 /* AddTimelineView.swift */ = {isa = PBXFileReference; lastKnownFileType = sourcecode.swift; path = AddTimelineView.swift; sourceTree = "<group>"; };
		AE5C93C22DDC9BC300DDCEC0 /* Assets.xcassets */ = {isa = PBXFileReference; lastKnownFileType = folder.assetcatalog; path = Assets.xcassets; sourceTree = "<group>"; };
		AE5C93C32DDC9BC300DDCEC0 /* AuthorModel.swift */ = {isa = PBXFileReference; lastKnownFileType = sourcecode.swift; path = AuthorModel.swift; sourceTree = "<group>"; };
		AE5C93C42DDC9BC300DDCEC0 /* AuthorView.swift */ = {isa = PBXFileReference; lastKnownFileType = sourcecode.swift; path = AuthorView.swift; sourceTree = "<group>"; };
		AE5C93C52DDC9BC300DDCEC0 /* BottomTextView.swift */ = {isa = PBXFileReference; lastKnownFileType = sourcecode.swift; path = BottomTextView.swift; sourceTree = "<group>"; };
		AE5C93C62DDC9BC300DDCEC0 /* ContentView.swift */ = {isa = PBXFileReference; lastKnownFileType = sourcecode.swift; path = ContentView.swift; sourceTree = "<group>"; };
		AE5C93C72DDC9BC300DDCEC0 /* PostModel.swift */ = {isa = PBXFileReference; lastKnownFileType = sourcecode.swift; path = PostModel.swift; sourceTree = "<group>"; };
		AE5C93C82DDC9BC300DDCEC0 /* PostView.swift */ = {isa = PBXFileReference; lastKnownFileType = sourcecode.swift; path = PostView.swift; sourceTree = "<group>"; };
		AE5C93C92DDC9BC300DDCEC0 /* Project_3modulApp.swift */ = {isa = PBXFileReference; lastKnownFileType = sourcecode.swift; path = Project_3modulApp.swift; sourceTree = "<group>"; };
		AE5C93CA2DDC9BC300DDCEC0 /* TakeEmailView.swift */ = {isa = PBXFileReference; lastKnownFileType = sourcecode.swift; path = TakeEmailView.swift; sourceTree = "<group>"; };
		AE5C93CB2DDC9BC300DDCEC0 /* Color+.swift */ = {isa = PBXFileReference; lastKnownFileType = sourcecode.swift; path = "Color+.swift"; sourceTree = "<group>"; };
		AE5C93CC2DDC9BC300DDCEC0 /* DonutViewModel.swift */ = {isa = PBXFileReference; lastKnownFileType = sourcecode.swift; path = DonutViewModel.swift; sourceTree = "<group>"; };
		AE5C93CD2DDC9BC300DDCEC0 /* DonutModel.swift */ = {isa = PBXFileReference; lastKnownFileType = sourcecode.swift; path = DonutModel.swift; sourceTree = "<group>"; };
		AE5C943C2DDE218A00DDCEC0 /* PeriodModel.swift */ = {isa = PBXFileReference; lastKnownFileType = sourcecode.swift; path = PeriodModel.swift; sourceTree = "<group>"; };
		AE5C94922DDE233500DDCEC0 /* DonutEndpoint.swift */ = {isa = PBXFileReference; lastKnownFileType = sourcecode.swift; path = DonutEndpoint.swift; sourceTree = "<group>"; };
		AE5C94942DDE241900DDCEC0 /* DonutView.swift */ = {isa = PBXFileReference; lastKnownFileType = sourcecode.swift; path = DonutView.swift; sourceTree = "<group>"; };
		AE5C949A2DDE2B6900DDCEC0 /* MainViewModel.swift */ = {isa = PBXFileReference; lastKnownFileType = sourcecode.swift; path = MainViewModel.swift; sourceTree = "<group>"; };
		AE5C949C2DDE3AC800DDCEC0 /* SearchView.swift */ = {isa = PBXFileReference; lastKnownFileType = sourcecode.swift; path = SearchView.swift; sourceTree = "<group>"; };
		AE5C949F2DDE437500DDCEC0 /* SearchViewModel.swift */ = {isa = PBXFileReference; lastKnownFileType = sourcecode.swift; path = SearchViewModel.swift; sourceTree = "<group>"; };
		AE817E2B2E0C5CC60045220D /* UserInfoView.swift */ = {isa = PBXFileReference; lastKnownFileType = sourcecode.swift; path = UserInfoView.swift; sourceTree = "<group>"; };
		AE817E2E2E0C5D260045220D /* UserInfoViewModel.swift */ = {isa = PBXFileReference; lastKnownFileType = sourcecode.swift; path = UserInfoViewModel.swift; sourceTree = "<group>"; };
		AE817E302E0C63CB0045220D /* LikeEndpoint.swift */ = {isa = PBXFileReference; lastKnownFileType = sourcecode.swift; path = LikeEndpoint.swift; sourceTree = "<group>"; };
		AE817E322E0C6ECD0045220D /* TakeEmailViewModel.swift */ = {isa = PBXFileReference; lastKnownFileType = sourcecode.swift; path = TakeEmailViewModel.swift; sourceTree = "<group>"; };
		AE817E342E0C70380045220D /* EmailEndpoint.swift */ = {isa = PBXFileReference; lastKnownFileType = sourcecode.swift; path = EmailEndpoint.swift; sourceTree = "<group>"; };
		AE85AF042D7506F90065364F /* Project_3modul.app */ = {isa = PBXFileReference; explicitFileType = wrapper.application; includeInIndex = 0; path = Project_3modul.app; sourceTree = BUILT_PRODUCTS_DIR; };
/* End PBXFileReference section */

/* Begin PBXFileSystemSynchronizedBuildFileExceptionSet section */
		AE5C948B2DDE225600DDCEC0 /* Exceptions for "Fonts" folder in "Project_3modul" target */ = {
			isa = PBXFileSystemSynchronizedBuildFileExceptionSet;
			membershipExceptions = (
				"PlayfairDisplay-SemiBoldItalic.ttf",
				"Roboto-Black.ttf",
				"Roboto-BlackItalic.ttf",
				"Roboto-Bold.ttf",
				"Roboto-BoldItalic.ttf",
				"Roboto-ExtraBold.ttf",
				"Roboto-ExtraBoldItalic.ttf",
				"Roboto-Italic.ttf",
				"Roboto-Light.ttf",
				"Roboto-LightItalic.ttf",
				"Roboto-Medium.ttf",
				"Roboto-MediumItalic.ttf",
				"Roboto-Regular.ttf",
				"Roboto-SemiBold.ttf",
				"Roboto-Thin.ttf",
				"Roboto-ThinItalic.ttf",
			);
			target = AE85AF032D7506F90065364F /* Project_3modul */;
		};
		AE5C948C2DDE225600DDCEC0 /* Exceptions for "Login" folder in "Project_3modul" target */ = {
			isa = PBXFileSystemSynchronizedBuildFileExceptionSet;
			membershipExceptions = (
				LogInModel.swift,
				LogInView.swift,
			);
			target = AE85AF032D7506F90065364F /* Project_3modul */;
		};
		AE5C948D2DDE225600DDCEC0 /* Exceptions for "Networking" folder in "Project_3modul" target */ = {
			isa = PBXFileSystemSynchronizedBuildFileExceptionSet;
			membershipExceptions = (
				Endpoint.swift,
				Keychain.swift,
				Networking.swift,
				Request.swift,
			);
			target = AE85AF032D7506F90065364F /* Project_3modul */;
		};
		AE5C948E2DDE225600DDCEC0 /* Exceptions for "Preview Content" folder in "Project_3modul" target */ = {
			isa = PBXFileSystemSynchronizedBuildFileExceptionSet;
			membershipExceptions = (
				"Preview Assets.xcassets",
			);
			target = AE85AF032D7506F90065364F /* Project_3modul */;
		};
		AE5C948F2DDE225600DDCEC0 /* Exceptions for "Registration" folder in "Project_3modul" target */ = {
			isa = PBXFileSystemSynchronizedBuildFileExceptionSet;
			membershipExceptions = (
				RegistrationModel.swift,
				RegistrationTest.swift,
			);
			target = AE85AF032D7506F90065364F /* Project_3modul */;
		};
		AE5C94902DDE225600DDCEC0 /* Exceptions for "Timeline" folder in "Project_3modul" target */ = {
			isa = PBXFileSystemSynchronizedBuildFileExceptionSet;
			membershipExceptions = (
				TimelineCell.swift,
				TimelineModel.swift,
				TimelineView.swift,
				TimelineViewModel.swift,
			);
			target = AE85AF032D7506F90065364F /* Project_3modul */;
		};
/* End PBXFileSystemSynchronizedBuildFileExceptionSet section */

/* Begin PBXFileSystemSynchronizedRootGroup section */
		AE5C94502DDE225600DDCEC0 /* Fonts */ = {
			isa = PBXFileSystemSynchronizedRootGroup;
			exceptions = (
				AE5C948B2DDE225600DDCEC0 /* Exceptions for "Fonts" folder in "Project_3modul" target */,
			);
			path = Fonts;
			sourceTree = "<group>";
		};
		AE5C94532DDE225600DDCEC0 /* Login */ = {
			isa = PBXFileSystemSynchronizedRootGroup;
			exceptions = (
				AE5C948C2DDE225600DDCEC0 /* Exceptions for "Login" folder in "Project_3modul" target */,
			);
			path = Login;
			sourceTree = "<group>";
		};
		AE5C94582DDE225600DDCEC0 /* Networking */ = {
			isa = PBXFileSystemSynchronizedRootGroup;
			exceptions = (
				AE5C948D2DDE225600DDCEC0 /* Exceptions for "Networking" folder in "Project_3modul" target */,
			);
			path = Networking;
			sourceTree = "<group>";
		};
		AE5C945A2DDE225600DDCEC0 /* Preview Content */ = {
			isa = PBXFileSystemSynchronizedRootGroup;
			exceptions = (
				AE5C948E2DDE225600DDCEC0 /* Exceptions for "Preview Content" folder in "Project_3modul" target */,
			);
			path = "Preview Content";
			sourceTree = "<group>";
		};
		AE5C94602DDE225600DDCEC0 /* Profile */ = {
			isa = PBXFileSystemSynchronizedRootGroup;
			path = Profile;
			sourceTree = "<group>";
		};
		AE5C94632DDE225600DDCEC0 /* Registration */ = {
			isa = PBXFileSystemSynchronizedRootGroup;
			exceptions = (
				AE5C948F2DDE225600DDCEC0 /* Exceptions for "Registration" folder in "Project_3modul" target */,
			);
			path = Registration;
			sourceTree = "<group>";
		};
		AE5C94682DDE225600DDCEC0 /* Timeline */ = {
			isa = PBXFileSystemSynchronizedRootGroup;
			exceptions = (
				AE5C94902DDE225600DDCEC0 /* Exceptions for "Timeline" folder in "Project_3modul" target */,
			);
			path = Timeline;
			sourceTree = "<group>";
		};
/* End PBXFileSystemSynchronizedRootGroup section */

/* Begin PBXFrameworksBuildPhase section */
		AE85AF012D7506F90065364F /* Frameworks */ = {
			isa = PBXFrameworksBuildPhase;
			buildActionMask = 2147483647;
			files = (
			);
			runOnlyForDeploymentPostprocessing = 0;
		};
/* End PBXFrameworksBuildPhase section */

/* Begin PBXGroup section */
		AE5C943F2DDE21EB00DDCEC0 /* Project_3modul */ = {
			isa = PBXGroup;
			children = (
				AE5C94992DDE299000DDCEC0 /* Extensions */,
				AE5C94502DDE225600DDCEC0 /* Fonts */,
				AE5C94532DDE225600DDCEC0 /* Login */,
				AE5C94582DDE225600DDCEC0 /* Networking */,
				AE5C945A2DDE225600DDCEC0 /* Preview Content */,
				AE5C94602DDE225600DDCEC0 /* Profile */,
				AE5C94632DDE225600DDCEC0 /* Registration */,
				AE5C94682DDE225600DDCEC0 /* Timeline */,
				AE5C93C92DDC9BC300DDCEC0 /* Project_3modulApp.swift */,
				AE5C93C02DDC9BC300DDCEC0 /* AboutAppView.swift */,
				AE5C93C12DDC9BC300DDCEC0 /* AddTimelineView.swift */,
				AE5C93C22DDC9BC300DDCEC0 /* Assets.xcassets */,
				AE5C93C52DDC9BC300DDCEC0 /* BottomTextView.swift */,
				AE5C93C62DDC9BC300DDCEC0 /* ContentView.swift */,
				AE5C949E2DDE435E00DDCEC0 /* SearchView */,
				AE5C94982DDE262600DDCEC0 /* AuthorView */,
				AE5C94972DDE260400DDCEC0 /* PostView */,
				AE5C93CA2DDC9BC300DDCEC0 /* TakeEmailView.swift */,
				AE817E342E0C70380045220D /* EmailEndpoint.swift */,
				AE817E322E0C6ECD0045220D /* TakeEmailViewModel.swift */,
				AE5C94912DDE226300DDCEC0 /* Donut */,
			);
			path = Project_3modul;
			sourceTree = "<group>";
		};
		AE5C94912DDE226300DDCEC0 /* Donut */ = {
			isa = PBXGroup;
			children = (
				AE5C94962DDE242000DDCEC0 /* Networking */,
				AE5C93CD2DDC9BC300DDCEC0 /* DonutModel.swift */,
				AE5C94942DDE241900DDCEC0 /* DonutView.swift */,
				AE5C93CC2DDC9BC300DDCEC0 /* DonutViewModel.swift */,
			);
			path = Donut;
			sourceTree = "<group>";
		};
		AE5C94962DDE242000DDCEC0 /* Networking */ = {
			isa = PBXGroup;
			children = (
				AE5C94922DDE233500DDCEC0 /* DonutEndpoint.swift */,
				AE5C943C2DDE218A00DDCEC0 /* PeriodModel.swift */,
			);
			path = Networking;
			sourceTree = "<group>";
		};
		AE5C94972DDE260400DDCEC0 /* PostView */ = {
			isa = PBXGroup;
			children = (
				AE5C93C72DDC9BC300DDCEC0 /* PostModel.swift */,
				AE5C93C82DDC9BC300DDCEC0 /* PostView.swift */,
				AE817E2D2E0C5CD60045220D /* UserInfoView */,
				AE5C949A2DDE2B6900DDCEC0 /* MainViewModel.swift */,
			);
			path = PostView;
			sourceTree = "<group>";
		};
		AE5C94982DDE262600DDCEC0 /* AuthorView */ = {
			isa = PBXGroup;
			children = (
				AE5C93C32DDC9BC300DDCEC0 /* AuthorModel.swift */,
				AE5C93C42DDC9BC300DDCEC0 /* AuthorView.swift */,
			);
			path = AuthorView;
			sourceTree = "<group>";
		};
		AE5C94992DDE299000DDCEC0 /* Extensions */ = {
			isa = PBXGroup;
			children = (
				AE5C93CB2DDC9BC300DDCEC0 /* Color+.swift */,
			);
			path = Extensions;
			sourceTree = "<group>";
		};
		AE5C949E2DDE435E00DDCEC0 /* SearchView */ = {
			isa = PBXGroup;
			children = (
				AE5C949C2DDE3AC800DDCEC0 /* SearchView.swift */,
				AE5C949F2DDE437500DDCEC0 /* SearchViewModel.swift */,
			);
			path = SearchView;
			sourceTree = "<group>";
		};
		AE817E2D2E0C5CD60045220D /* UserInfoView */ = {
			isa = PBXGroup;
			children = (
				AE817E2B2E0C5CC60045220D /* UserInfoView.swift */,
				AE817E2E2E0C5D260045220D /* UserInfoViewModel.swift */,
				AE817E302E0C63CB0045220D /* LikeEndpoint.swift */,
			);
			path = UserInfoView;
			sourceTree = "<group>";
		};
		AE85AEFB2D7506F90065364F = {
			isa = PBXGroup;
			children = (
				AE5C943F2DDE21EB00DDCEC0 /* Project_3modul */,
				AE85AF052D7506F90065364F /* Products */,
				AE0532F22D7865C70031FBA1 /* Project-3modul-Info.plist */,
			);
			sourceTree = "<group>";
		};
		AE85AF052D7506F90065364F /* Products */ = {
			isa = PBXGroup;
			children = (
				AE85AF042D7506F90065364F /* Project_3modul.app */,
			);
			name = Products;
			sourceTree = "<group>";
		};
/* End PBXGroup section */

/* Begin PBXNativeTarget section */
		AE85AF032D7506F90065364F /* Project_3modul */ = {
			isa = PBXNativeTarget;
			buildConfigurationList = AE85AF122D7506FA0065364F /* Build configuration list for PBXNativeTarget "Project_3modul" */;
			buildPhases = (
				AE85AF002D7506F90065364F /* Sources */,
				AE85AF012D7506F90065364F /* Frameworks */,
				AE85AF022D7506F90065364F /* Resources */,
			);
			buildRules = (
			);
			dependencies = (
			);
			fileSystemSynchronizedGroups = (
				AE5C94602DDE225600DDCEC0 /* Profile */,
			);
			name = Project_3modul;
			packageProductDependencies = (
			);
			productName = Project_3modul;
			productReference = AE85AF042D7506F90065364F /* Project_3modul.app */;
			productType = "com.apple.product-type.application";
		};
/* End PBXNativeTarget section */

/* Begin PBXProject section */
		AE85AEFC2D7506F90065364F /* Project object */ = {
			isa = PBXProject;
			attributes = {
				BuildIndependentTargetsInParallel = 1;
				LastSwiftUpdateCheck = 1610;
				LastUpgradeCheck = 1610;
				TargetAttributes = {
					AE85AF032D7506F90065364F = {
						CreatedOnToolsVersion = 16.1;
					};
				};
			};
			buildConfigurationList = AE85AEFF2D7506F90065364F /* Build configuration list for PBXProject "Project_3modul" */;
			developmentRegion = en;
			hasScannedForEncodings = 0;
			knownRegions = (
				en,
				Base,
			);
			mainGroup = AE85AEFB2D7506F90065364F;
			minimizedProjectReferenceProxies = 1;
			preferredProjectObjectVersion = 77;
			productRefGroup = AE85AF052D7506F90065364F /* Products */;
			projectDirPath = "";
			projectRoot = "";
			targets = (
				AE85AF032D7506F90065364F /* Project_3modul */,
			);
		};
/* End PBXProject section */

/* Begin PBXResourcesBuildPhase section */
		AE85AF022D7506F90065364F /* Resources */ = {
			isa = PBXResourcesBuildPhase;
			buildActionMask = 2147483647;
			files = (
				AE0532F32D7865C70031FBA1 /* Project-3modul-Info.plist in Resources */,
				AE5C93DF2DDC9BC300DDCEC0 /* Assets.xcassets in Resources */,
			);
			runOnlyForDeploymentPostprocessing = 0;
		};
/* End PBXResourcesBuildPhase section */

/* Begin PBXSourcesBuildPhase section */
		AE85AF002D7506F90065364F /* Sources */ = {
			isa = PBXSourcesBuildPhase;
			buildActionMask = 2147483647;
			files = (
				AE817E352E0C70380045220D /* EmailEndpoint.swift in Sources */,
				AE5C943D2DDE218A00DDCEC0 /* PeriodModel.swift in Sources */,
				AE5C93F32DDC9BC300DDCEC0 /* AboutAppView.swift in Sources */,
				AE5C94A02DDE437500DDCEC0 /* SearchViewModel.swift in Sources */,
				AE5C93F42DDC9BC300DDCEC0 /* AddTimelineView.swift in Sources */,
				AE5C93F52DDC9BC300DDCEC0 /* AuthorModel.swift in Sources */,
				AE817E2F2E0C5D260045220D /* UserInfoViewModel.swift in Sources */,
				AE817E312E0C63CB0045220D /* LikeEndpoint.swift in Sources */,
				AE5C949D2DDE3AC800DDCEC0 /* SearchView.swift in Sources */,
				AE5C93F62DDC9BC300DDCEC0 /* AuthorView.swift in Sources */,
				AE5C93F72DDC9BC300DDCEC0 /* BottomTextView.swift in Sources */,
				AE5C93F82DDC9BC300DDCEC0 /* ContentView.swift in Sources */,
				AE5C93F92DDC9BC300DDCEC0 /* PostModel.swift in Sources */,
				AE817E332E0C6ECD0045220D /* TakeEmailViewModel.swift in Sources */,
				AE5C94952DDE241900DDCEC0 /* DonutView.swift in Sources */,
				AE5C93FA2DDC9BC300DDCEC0 /* PostView.swift in Sources */,
				AE5C93FB2DDC9BC300DDCEC0 /* Project_3modulApp.swift in Sources */,
				AE5C93FC2DDC9BC300DDCEC0 /* TakeEmailView.swift in Sources */,
				AE5C93FD2DDC9BC300DDCEC0 /* Color+.swift in Sources */,
				AE5C949B2DDE2B7B00DDCEC0 /* MainViewModel.swift in Sources */,
				AE5C93FE2DDC9BC300DDCEC0 /* DonutViewModel.swift in Sources */,
				AE5C94932DDE234500DDCEC0 /* DonutEndpoint.swift in Sources */,
				AE5C93FF2DDC9BC300DDCEC0 /* DonutModel.swift in Sources */,
				AE817E2C2E0C5CC60045220D /* UserInfoView.swift in Sources */,
			);
			runOnlyForDeploymentPostprocessing = 0;
		};
/* End PBXSourcesBuildPhase section */

/* Begin XCBuildConfiguration section */
		AE85AF102D7506FA0065364F /* Debug */ = {
			isa = XCBuildConfiguration;
			buildSettings = {
				ALWAYS_SEARCH_USER_PATHS = NO;
				ASSETCATALOG_COMPILER_GENERATE_SWIFT_ASSET_SYMBOL_EXTENSIONS = YES;
				CLANG_ANALYZER_NONNULL = YES;
				CLANG_ANALYZER_NUMBER_OBJECT_CONVERSION = YES_AGGRESSIVE;
				CLANG_CXX_LANGUAGE_STANDARD = "gnu++20";
				CLANG_ENABLE_MODULES = YES;
				CLANG_ENABLE_OBJC_ARC = YES;
				CLANG_ENABLE_OBJC_WEAK = YES;
				CLANG_WARN_BLOCK_CAPTURE_AUTORELEASING = YES;
				CLANG_WARN_BOOL_CONVERSION = YES;
				CLANG_WARN_COMMA = YES;
				CLANG_WARN_CONSTANT_CONVERSION = YES;
				CLANG_WARN_DEPRECATED_OBJC_IMPLEMENTATIONS = YES;
				CLANG_WARN_DIRECT_OBJC_ISA_USAGE = YES_ERROR;
				CLANG_WARN_DOCUMENTATION_COMMENTS = YES;
				CLANG_WARN_EMPTY_BODY = YES;
				CLANG_WARN_ENUM_CONVERSION = YES;
				CLANG_WARN_INFINITE_RECURSION = YES;
				CLANG_WARN_INT_CONVERSION = YES;
				CLANG_WARN_NON_LITERAL_NULL_CONVERSION = YES;
				CLANG_WARN_OBJC_IMPLICIT_RETAIN_SELF = YES;
				CLANG_WARN_OBJC_LITERAL_CONVERSION = YES;
				CLANG_WARN_OBJC_ROOT_CLASS = YES_ERROR;
				CLANG_WARN_QUOTED_INCLUDE_IN_FRAMEWORK_HEADER = YES;
				CLANG_WARN_RANGE_LOOP_ANALYSIS = YES;
				CLANG_WARN_STRICT_PROTOTYPES = YES;
				CLANG_WARN_SUSPICIOUS_MOVE = YES;
				CLANG_WARN_UNGUARDED_AVAILABILITY = YES_AGGRESSIVE;
				CLANG_WARN_UNREACHABLE_CODE = YES;
				CLANG_WARN__DUPLICATE_METHOD_MATCH = YES;
				COPY_PHASE_STRIP = NO;
				DEBUG_INFORMATION_FORMAT = dwarf;
				ENABLE_STRICT_OBJC_MSGSEND = YES;
				ENABLE_TESTABILITY = YES;
				ENABLE_USER_SCRIPT_SANDBOXING = YES;
				GCC_C_LANGUAGE_STANDARD = gnu17;
				GCC_DYNAMIC_NO_PIC = NO;
				GCC_NO_COMMON_BLOCKS = YES;
				GCC_OPTIMIZATION_LEVEL = 0;
				GCC_PREPROCESSOR_DEFINITIONS = (
					"DEBUG=1",
					"$(inherited)",
				);
				GCC_WARN_64_TO_32_BIT_CONVERSION = YES;
				GCC_WARN_ABOUT_RETURN_TYPE = YES_ERROR;
				GCC_WARN_UNDECLARED_SELECTOR = YES;
				GCC_WARN_UNINITIALIZED_AUTOS = YES_AGGRESSIVE;
				GCC_WARN_UNUSED_FUNCTION = YES;
				GCC_WARN_UNUSED_VARIABLE = YES;
				IPHONEOS_DEPLOYMENT_TARGET = 17.6;
				LOCALIZATION_PREFERS_STRING_CATALOGS = YES;
				MTL_ENABLE_DEBUG_INFO = INCLUDE_SOURCE;
				MTL_FAST_MATH = YES;
				ONLY_ACTIVE_ARCH = YES;
				SDKROOT = iphoneos;
				SWIFT_ACTIVE_COMPILATION_CONDITIONS = "DEBUG $(inherited)";
				SWIFT_OPTIMIZATION_LEVEL = "-Onone";
			};
			name = Debug;
		};
		AE85AF112D7506FA0065364F /* Release */ = {
			isa = XCBuildConfiguration;
			buildSettings = {
				ALWAYS_SEARCH_USER_PATHS = NO;
				ASSETCATALOG_COMPILER_GENERATE_SWIFT_ASSET_SYMBOL_EXTENSIONS = YES;
				CLANG_ANALYZER_NONNULL = YES;
				CLANG_ANALYZER_NUMBER_OBJECT_CONVERSION = YES_AGGRESSIVE;
				CLANG_CXX_LANGUAGE_STANDARD = "gnu++20";
				CLANG_ENABLE_MODULES = YES;
				CLANG_ENABLE_OBJC_ARC = YES;
				CLANG_ENABLE_OBJC_WEAK = YES;
				CLANG_WARN_BLOCK_CAPTURE_AUTORELEASING = YES;
				CLANG_WARN_BOOL_CONVERSION = YES;
				CLANG_WARN_COMMA = YES;
				CLANG_WARN_CONSTANT_CONVERSION = YES;
				CLANG_WARN_DEPRECATED_OBJC_IMPLEMENTATIONS = YES;
				CLANG_WARN_DIRECT_OBJC_ISA_USAGE = YES_ERROR;
				CLANG_WARN_DOCUMENTATION_COMMENTS = YES;
				CLANG_WARN_EMPTY_BODY = YES;
				CLANG_WARN_ENUM_CONVERSION = YES;
				CLANG_WARN_INFINITE_RECURSION = YES;
				CLANG_WARN_INT_CONVERSION = YES;
				CLANG_WARN_NON_LITERAL_NULL_CONVERSION = YES;
				CLANG_WARN_OBJC_IMPLICIT_RETAIN_SELF = YES;
				CLANG_WARN_OBJC_LITERAL_CONVERSION = YES;
				CLANG_WARN_OBJC_ROOT_CLASS = YES_ERROR;
				CLANG_WARN_QUOTED_INCLUDE_IN_FRAMEWORK_HEADER = YES;
				CLANG_WARN_RANGE_LOOP_ANALYSIS = YES;
				CLANG_WARN_STRICT_PROTOTYPES = YES;
				CLANG_WARN_SUSPICIOUS_MOVE = YES;
				CLANG_WARN_UNGUARDED_AVAILABILITY = YES_AGGRESSIVE;
				CLANG_WARN_UNREACHABLE_CODE = YES;
				CLANG_WARN__DUPLICATE_METHOD_MATCH = YES;
				COPY_PHASE_STRIP = NO;
				DEBUG_INFORMATION_FORMAT = "dwarf-with-dsym";
				ENABLE_NS_ASSERTIONS = NO;
				ENABLE_STRICT_OBJC_MSGSEND = YES;
				ENABLE_USER_SCRIPT_SANDBOXING = YES;
				GCC_C_LANGUAGE_STANDARD = gnu17;
				GCC_NO_COMMON_BLOCKS = YES;
				GCC_WARN_64_TO_32_BIT_CONVERSION = YES;
				GCC_WARN_ABOUT_RETURN_TYPE = YES_ERROR;
				GCC_WARN_UNDECLARED_SELECTOR = YES;
				GCC_WARN_UNINITIALIZED_AUTOS = YES_AGGRESSIVE;
				GCC_WARN_UNUSED_FUNCTION = YES;
				GCC_WARN_UNUSED_VARIABLE = YES;
				IPHONEOS_DEPLOYMENT_TARGET = 17.6;
				LOCALIZATION_PREFERS_STRING_CATALOGS = YES;
				MTL_ENABLE_DEBUG_INFO = NO;
				MTL_FAST_MATH = YES;
				SDKROOT = iphoneos;
				SWIFT_COMPILATION_MODE = wholemodule;
				VALIDATE_PRODUCT = YES;
			};
			name = Release;
		};
		AE85AF132D7506FA0065364F /* Debug */ = {
			isa = XCBuildConfiguration;
			buildSettings = {
				ASSETCATALOG_COMPILER_APPICON_NAME = AppIcon;
				ASSETCATALOG_COMPILER_GLOBAL_ACCENT_COLOR_NAME = AccentColor;
				CODE_SIGN_STYLE = Automatic;
				CURRENT_PROJECT_VERSION = 1;
				DEVELOPMENT_ASSET_PATHS = "\"Project_3modul/Preview Content\"";
				DEVELOPMENT_TEAM = B42L5X5MA2;
				ENABLE_PREVIEWS = YES;
				GENERATE_INFOPLIST_FILE = YES;
				INFOPLIST_FILE = "Project-3modul-Info.plist";
				INFOPLIST_KEY_UIApplicationSceneManifest_Generation = YES;
				INFOPLIST_KEY_UIApplicationSupportsIndirectInputEvents = YES;
				INFOPLIST_KEY_UILaunchScreen_Generation = YES;
				INFOPLIST_KEY_UISupportedInterfaceOrientations_iPad = "UIInterfaceOrientationPortrait UIInterfaceOrientationPortraitUpsideDown UIInterfaceOrientationLandscapeLeft UIInterfaceOrientationLandscapeRight";
				INFOPLIST_KEY_UISupportedInterfaceOrientations_iPhone = "UIInterfaceOrientationPortrait UIInterfaceOrientationLandscapeLeft UIInterfaceOrientationLandscapeRight";
				IPHONEOS_DEPLOYMENT_TARGET = 17.5;
				LD_RUNPATH_SEARCH_PATHS = (
					"$(inherited)",
					"@executable_path/Frameworks",
				);
				MARKETING_VERSION = 1.0;
				PRODUCT_BUNDLE_IDENTIFIER = "HSE.Project-3modul";
				PRODUCT_NAME = "$(TARGET_NAME)";
				SWIFT_EMIT_LOC_STRINGS = YES;
				SWIFT_VERSION = 5.0;
				TARGETED_DEVICE_FAMILY = "1,2";
			};
			name = Debug;
		};
		AE85AF142D7506FA0065364F /* Release */ = {
			isa = XCBuildConfiguration;
			buildSettings = {
				ASSETCATALOG_COMPILER_APPICON_NAME = AppIcon;
				ASSETCATALOG_COMPILER_GLOBAL_ACCENT_COLOR_NAME = AccentColor;
				CODE_SIGN_STYLE = Automatic;
				CURRENT_PROJECT_VERSION = 1;
				DEVELOPMENT_ASSET_PATHS = "\"Project_3modul/Preview Content\"";
				DEVELOPMENT_TEAM = B42L5X5MA2;
				ENABLE_PREVIEWS = YES;
				GENERATE_INFOPLIST_FILE = YES;
				INFOPLIST_FILE = "Project-3modul-Info.plist";
				INFOPLIST_KEY_UIApplicationSceneManifest_Generation = YES;
				INFOPLIST_KEY_UIApplicationSupportsIndirectInputEvents = YES;
				INFOPLIST_KEY_UILaunchScreen_Generation = YES;
				INFOPLIST_KEY_UISupportedInterfaceOrientations_iPad = "UIInterfaceOrientationPortrait UIInterfaceOrientationPortraitUpsideDown UIInterfaceOrientationLandscapeLeft UIInterfaceOrientationLandscapeRight";
				INFOPLIST_KEY_UISupportedInterfaceOrientations_iPhone = "UIInterfaceOrientationPortrait UIInterfaceOrientationLandscapeLeft UIInterfaceOrientationLandscapeRight";
				IPHONEOS_DEPLOYMENT_TARGET = 17.5;
				LD_RUNPATH_SEARCH_PATHS = (
					"$(inherited)",
					"@executable_path/Frameworks",
				);
				MARKETING_VERSION = 1.0;
				PRODUCT_BUNDLE_IDENTIFIER = "HSE.Project-3modul";
				PRODUCT_NAME = "$(TARGET_NAME)";
				SWIFT_EMIT_LOC_STRINGS = YES;
				SWIFT_VERSION = 5.0;
				TARGETED_DEVICE_FAMILY = "1,2";
			};
			name = Release;
		};
/* End XCBuildConfiguration section */

/* Begin XCConfigurationList section */
		AE85AEFF2D7506F90065364F /* Build configuration list for PBXProject "Project_3modul" */ = {
			isa = XCConfigurationList;
			buildConfigurations = (
				AE85AF102D7506FA0065364F /* Debug */,
				AE85AF112D7506FA0065364F /* Release */,
			);
			defaultConfigurationIsVisible = 0;
			defaultConfigurationName = Release;
		};
		AE85AF122D7506FA0065364F /* Build configuration list for PBXNativeTarget "Project_3modul" */ = {
			isa = XCConfigurationList;
			buildConfigurations = (
				AE85AF132D7506FA0065364F /* Debug */,
				AE85AF142D7506FA0065364F /* Release */,
			);
			defaultConfigurationIsVisible = 0;
			defaultConfigurationName = Release;
		};
/* End XCConfigurationList section */
	};
	rootObject = AE85AEFC2D7506F90065364F /* Project object */;
}
